
Microsoft Visual Studio Solution File, Format Version 12.00
# Visual Studio Version 17
VisualStudioVersion = 17.0.31903.59
MinimumVisualStudioVersion = 10.0.40219.1
Project("{2150E333-8FDC-42A3-9474-1A3956D46DE8}") = "src", "src", "{827E0CD3-B72D-47B6-A68D-7590B98EB39B}"
EndProject
Project("{FAE04EC0-301F-11D3-BF4B-00C04F79EFBC}") = "CarbonBill.SharedKernel", "src\CarbonBill.SharedKernel\CarbonBill.SharedKernel.csproj", "{7C7AFC5E-1480-4537-859D-2FF7407DAE28}"
EndProject
Project("{FAE04EC0-301F-11D3-BF4B-00C04F79EFBC}") = "CarbonBill.Modules.IdentityTenancy", "src\CarbonBill.Modules.IdentityTenancy\CarbonBill.Modules.IdentityTenancy.csproj", "{FDD067A3-C578-473A-A446-983B2481867C}"
EndProject
Project("{FAE04EC0-301F-11D3-BF4B-00C04F79EFBC}") = "CarbonBill.Modules.Audit", "src\CarbonBill.Modules.Audit\CarbonBill.Modules.Audit.csproj", "{3447E00E-F1F7-417C-8B05-157A2233C848}"
EndProject
Project("{FAE04EC0-301F-11D3-BF4B-00C04F79EFBC}") = "CarbonBill.Modules.Onboarding", "src\CarbonBill.Modules.Onboarding\CarbonBill.Modules.Onboarding.csproj", "{5A5F882D-6859-44CF-B51E-78F185C195AD}"
EndProject
Project("{FAE04EC0-301F-11D3-BF4B-00C04F79EFBC}") = "CarbonBill.Modules.Documents", "src\CarbonBill.Modules.Documents\CarbonBill.Modules.Documents.csproj", "{70C0F613-2A43-4EFC-922F-C10BB3CF1EDE}"
EndProject
Project("{FAE04EC0-301F-11D3-BF4B-00C04F79EFBC}") = "CarbonBill.Modules.Extraction", "src\CarbonBill.Modules.Extraction\CarbonBill.Modules.Extraction.csproj", "{5A9F5F7E-70B9-4F4D-80C0-E5675F9A53F2}"
EndProject
Project("{FAE04EC0-301F-11D3-BF4B-00C04F79EFBC}") = "CarbonBill.Modules.Review", "src\CarbonBill.Modules.Review\CarbonBill.Modules.Review.csproj", "{88AC4F97-3CD6-47F4-BF32-761B072014DE}"
EndProject
Project("{FAE04EC0-301F-11D3-BF4B-00C04F79EFBC}") = "CarbonBill.Modules.ActivityUnits", "src\CarbonBill.Modules.ActivityUnits\CarbonBill.Modules.ActivityUnits.csproj", "{C7E981FF-5054-4CE6-9DDC-E5EA300A99A3}"
EndProject
Project("{FAE04EC0-301F-11D3-BF4B-00C04F79EFBC}") = "CarbonBill.Modules.FactorRegistry", "src\CarbonBill.Modules.FactorRegistry\CarbonBill.Modules.FactorRegistry.csproj", "{6D4A6298-217C-46C2-9835-CC7582C7E2B7}"
EndProject
Project("{FAE04EC0-301F-11D3-BF4B-00C04F79EFBC}") = "CarbonBill.Modules.Calculation", "src\CarbonBill.Modules.Calculation\CarbonBill.Modules.Calculation.csproj", "{1A9418CA-5A7B-494B-816E-57B9CBA10BA1}"
EndProject
Project("{FAE04EC0-301F-11D3-BF4B-00C04F79EFBC}") = "CarbonBill.Modules.GapDetection", "src\CarbonBill.Modules.GapDetection\CarbonBill.Modules.GapDetection.csproj", "{C24F1441-FEDD-4EBD-BD79-96AE5A843C3D}"
EndProject
Project("{FAE04EC0-301F-11D3-BF4B-00C04F79EFBC}") = "CarbonBill.Modules.Flags", "src\CarbonBill.Modules.Flags\CarbonBill.Modules.Flags.csproj", "{8016A47A-4123-4105-BEB3-65786AE89F78}"
EndProject
Project("{FAE04EC0-301F-11D3-BF4B-00C04F79EFBC}") = "CarbonBill.Modules.Recommendations", "src\CarbonBill.Modules.Recommendations\CarbonBill.Modules.Recommendations.csproj", "{50896E92-2AF1-4FD9-801B-05EFF8F7B0E7}"
EndProject
Project("{FAE04EC0-301F-11D3-BF4B-00C04F79EFBC}") = "CarbonBill.Modules.Reporting", "src\CarbonBill.Modules.Reporting\CarbonBill.Modules.Reporting.csproj", "{0FCBD02A-5DC7-44FC-BF7B-60DDE3590E31}"
EndProject
Project("{FAE04EC0-301F-11D3-BF4B-00C04F79EFBC}") = "CarbonBill.Modules.Notifications", "src\CarbonBill.Modules.Notifications\CarbonBill.Modules.Notifications.csproj", "{3AF96733-E4E3-490A-A1C6-C3F986C95BA8}"
EndProject
Project("{FAE04EC0-301F-11D3-BF4B-00C04F79EFBC}") = "CarbonBill.Modules.PlatformAdmin", "src\CarbonBill.Modules.PlatformAdmin\CarbonBill.Modules.PlatformAdmin.csproj", "{5F2758F2-3D5A-42D4-A7C0-0FAFD5B73A41}"
EndProject
Project("{FAE04EC0-301F-11D3-BF4B-00C04F79EFBC}") = "CarbonBill.Api", "src\CarbonBill.Api\CarbonBill.Api.csproj", "{95F2E5DD-9F98-46D5-A21A-A078D41AB9A5}"
EndProject
Project("{2150E333-8FDC-42A3-9474-1A3956D46DE8}") = "tests", "tests", "{0AB3BF05-4346-4AA6-1389-037BE0695223}"
EndProject
Project("{FAE04EC0-301F-11D3-BF4B-00C04F79EFBC}") = "CarbonBill.UnitTests", "tests\CarbonBill.UnitTests\CarbonBill.UnitTests.csproj", "{E93FFD22-1759-4639-A241-6C28D6209474}"
EndProject
Project("{FAE04EC0-301F-11D3-BF4B-00C04F79EFBC}") = "CarbonBill.IntegrationTests", "tests\CarbonBill.IntegrationTests\CarbonBill.IntegrationTests.csproj", "{8B431F0D-D1A1-4B65-ADF3-A362D85CD321}"
EndProject
Project("{FAE04EC0-301F-11D3-BF4B-00C04F79EFBC}") = "CarbonBill.ArchitectureTests", "tests\CarbonBill.ArchitectureTests\CarbonBill.ArchitectureTests.csproj", "{33DC6691-DBE7-4463-8A28-DC6A35EFC996}"
EndProject
Global
	GlobalSection(SolutionConfigurationPlatforms) = preSolution
		Debug|Any CPU = Debug|Any CPU
		Debug|x64 = Debug|x64
		Debug|x86 = Debug|x86
		Release|Any CPU = Release|Any CPU
		Release|x64 = Release|x64
		Release|x86 = Release|x86
	EndGlobalSection
	GlobalSection(ProjectConfigurationPlatforms) = postSolution
		{7C7AFC5E-1480-4537-859D-2FF7407DAE28}.Debug|Any CPU.ActiveCfg = Debug|Any CPU
		{7C7AFC5E-1480-4537-859D-2FF7407DAE28}.Debug|Any CPU.Build.0 = Debug|Any CPU
		{7C7AFC5E-1480-4537-859D-2FF7407DAE28}.Debug|x64.ActiveCfg = Debug|Any CPU
		{7C7AFC5E-1480-4537-859D-2FF7407DAE28}.Debug|x64.Build.0 = Debug|Any CPU
		{7C7AFC5E-1480-4537-859D-2FF7407DAE28}.Debug|x86.ActiveCfg = Debug|Any CPU
		{7C7AFC5E-1480-4537-859D-2FF7407DAE28}.Debug|x86.Build.0 = Debug|Any CPU
		{7C7AFC5E-1480-4537-859D-2FF7407DAE28}.Release|Any CPU.ActiveCfg = Release|Any CPU
		{7C7AFC5E-1480-4537-859D-2FF7407DAE28}.Release|Any CPU.Build.0 = Release|Any CPU
		{7C7AFC5E-1480-4537-859D-2FF7407DAE28}.Release|x64.ActiveCfg = Release|Any CPU
		{7C7AFC5E-1480-4537-859D-2FF7407DAE28}.Release|x64.Build.0 = Release|Any CPU
		{7C7AFC5E-1480-4537-859D-2FF7407DAE28}.Release|x86.ActiveCfg = Release|Any CPU
		{7C7AFC5E-1480-4537-859D-2FF7407DAE28}.Release|x86.Build.0 = Release|Any CPU
		{FDD067A3-C578-473A-A446-983B2481867C}.Debug|Any CPU.ActiveCfg = Debug|Any CPU
		{FDD067A3-C578-473A-A446-983B2481867C}.Debug|Any CPU.Build.0 = Debug|Any CPU
		{FDD067A3-C578-473A-A446-983B2481867C}.Debug|x64.ActiveCfg = Debug|Any CPU
		{FDD067A3-C578-473A-A446-983B2481867C}.Debug|x64.Build.0 = Debug|Any CPU
		{FDD067A3-C578-473A-A446-983B2481867C}.Debug|x86.ActiveCfg = Debug|Any CPU
		{FDD067A3-C578-473A-A446-983B2481867C}.Debug|x86.Build.0 = Debug|Any CPU
		{FDD067A3-C578-473A-A446-983B2481867C}.Release|Any CPU.ActiveCfg = Release|Any CPU
		{FDD067A3-C578-473A-A446-983B2481867C}.Release|Any CPU.Build.0 = Release|Any CPU
		{FDD067A3-C578-473A-A446-983B2481867C}.Release|x64.ActiveCfg = Release|Any CPU
		{FDD067A3-C578-473A-A446-983B2481867C}.Release|x64.Build.0 = Release|Any CPU
		{FDD067A3-C578-473A-A446-983B2481867C}.Release|x86.ActiveCfg = Release|Any CPU
		{FDD067A3-C578-473A-A446-983B2481867C}.Release|x86.Build.0 = Release|Any CPU
		{3447E00E-F1F7-417C-8B05-157A2233C848}.Debug|Any CPU.ActiveCfg = Debug|Any CPU
		{3447E00E-F1F7-417C-8B05-157A2233C848}.Debug|Any CPU.Build.0 = Debug|Any CPU
		{3447E00E-F1F7-417C-8B05-157A2233C848}.Debug|x64.ActiveCfg = Debug|Any CPU
		{3447E00E-F1F7-417C-8B05-157A2233C848}.Debug|x64.Build.0 = Debug|Any CPU
		{3447E00E-F1F7-417C-8B05-157A2233C848}.Debug|x86.ActiveCfg = Debug|Any CPU
		{3447E00E-F1F7-417C-8B05-157A2233C848}.Debug|x86.Build.0 = Debug|Any CPU
		{3447E00E-F1F7-417C-8B05-157A2233C848}.Release|Any CPU.ActiveCfg = Release|Any CPU
		{3447E00E-F1F7-417C-8B05-157A2233C848}.Release|Any CPU.Build.0 = Release|Any CPU
		{3447E00E-F1F7-417C-8B05-157A2233C848}.Release|x64.ActiveCfg = Release|Any CPU
		{3447E00E-F1F7-417C-8B05-157A2233C848}.Release|x64.Build.0 = Release|Any CPU
		{3447E00E-F1F7-417C-8B05-157A2233C848}.Release|x86.ActiveCfg = Release|Any CPU
		{3447E00E-F1F7-417C-8B05-157A2233C848}.Release|x86.Build.0 = Release|Any CPU
		{5A5F882D-6859-44CF-B51E-78F185C195AD}.Debug|Any CPU.ActiveCfg = Debug|Any CPU
		{5A5F882D-6859-44CF-B51E-78F185C195AD}.Debug|Any CPU.Build.0 = Debug|Any CPU
		{5A5F882D-6859-44CF-B51E-78F185C195AD}.Debug|x64.ActiveCfg = Debug|Any CPU
		{5A5F882D-6859-44CF-B51E-78F185C195AD}.Debug|x64.Build.0 = Debug|Any CPU
		{5A5F882D-6859-44CF-B51E-78F185C195AD}.Debug|x86.ActiveCfg = Debug|Any CPU
		{5A5F882D-6859-44CF-B51E-78F185C195AD}.Debug|x86.Build.0 = Debug|Any CPU
		{5A5F882D-6859-44CF-B51E-78F185C195AD}.Release|Any CPU.ActiveCfg = Release|Any CPU
		{5A5F882D-6859-44CF-B51E-78F185C195AD}.Release|Any CPU.Build.0 = Release|Any CPU
		{5A5F882D-6859-44CF-B51E-78F185C195AD}.Release|x64.ActiveCfg = Release|Any CPU
		{5A5F882D-6859-44CF-B51E-78F185C195AD}.Release|x64.Build.0 = Release|Any CPU
		{5A5F882D-6859-44CF-B51E-78F185C195AD}.Release|x86.ActiveCfg = Release|Any CPU
		{5A5F882D-6859-44CF-B51E-78F185C195AD}.Release|x86.Build.0 = Release|Any CPU
		{70C0F613-2A43-4EFC-922F-C10BB3CF1EDE}.Debug|Any CPU.ActiveCfg = Debug|Any CPU
		{70C0F613-2A43-4EFC-922F-C10BB3CF1EDE}.Debug|Any CPU.Build.0 = Debug|Any CPU
		{70C0F613-2A43-4EFC-922F-C10BB3CF1EDE}.Debug|x64.ActiveCfg = Debug|Any CPU
		{70C0F613-2A43-4EFC-922F-C10BB3CF1EDE}.Debug|x64.Build.0 = Debug|Any CPU
		{70C0F613-2A43-4EFC-922F-C10BB3CF1EDE}.Debug|x86.ActiveCfg = Debug|Any CPU
		{70C0F613-2A43-4EFC-922F-C10BB3CF1EDE}.Debug|x86.Build.0 = Debug|Any CPU
		{70C0F613-2A43-4EFC-922F-C10BB3CF1EDE}.Release|Any CPU.ActiveCfg = Release|Any CPU
		{70C0F613-2A43-4EFC-922F-C10BB3CF1EDE}.Release|Any CPU.Build.0 = Release|Any CPU
		{70C0F613-2A43-4EFC-922F-C10BB3CF1EDE}.Release|x64.ActiveCfg = Release|Any CPU
		{70C0F613-2A43-4EFC-922F-C10BB3CF1EDE}.Release|x64.Build.0 = Release|Any CPU
		{70C0F613-2A43-4EFC-922F-C10BB3CF1EDE}.Release|x86.ActiveCfg = Release|Any CPU
		{70C0F613-2A43-4EFC-922F-C10BB3CF1EDE}.Release|x86.Build.0 = Release|Any CPU
		{5A9F5F7E-70B9-4F4D-80C0-E5675F9A53F2}.Debug|Any CPU.ActiveCfg = Debug|Any CPU
		{5A9F5F7E-70B9-4F4D-80C0-E5675F9A53F2}.Debug|Any CPU.Build.0 = Debug|Any CPU
		{5A9F5F7E-70B9-4F4D-80C0-E5675F9A53F2}.Debug|x64.ActiveCfg = Debug|Any CPU
		{5A9F5F7E-70B9-4F4D-80C0-E5675F9A53F2}.Debug|x64.Build.0 = Debug|Any CPU
		{5A9F5F7E-70B9-4F4D-80C0-E5675F9A53F2}.Debug|x86.ActiveCfg = Debug|Any CPU
		{5A9F5F7E-70B9-4F4D-80C0-E5675F9A53F2}.Debug|x86.Build.0 = Debug|Any CPU
		{5A9F5F7E-70B9-4F4D-80C0-E5675F9A53F2}.Release|Any CPU.ActiveCfg = Release|Any CPU
		{5A9F5F7E-70B9-4F4D-80C0-E5675F9A53F2}.Release|Any CPU.Build.0 = Release|Any CPU
		{5A9F5F7E-70B9-4F4D-80C0-E5675F9A53F2}.Release|x64.ActiveCfg = Release|Any CPU
		{5A9F5F7E-70B9-4F4D-80C0-E5675F9A53F2}.Release|x64.Build.0 = Release|Any CPU
		{5A9F5F7E-70B9-4F4D-80C0-E5675F9A53F2}.Release|x86.ActiveCfg = Release|Any CPU
		{5A9F5F7E-70B9-4F4D-80C0-E5675F9A53F2}.Release|x86.Build.0 = Release|Any CPU
		{88AC4F97-3CD6-47F4-BF32-761B072014DE}.Debug|Any CPU.ActiveCfg = Debug|Any CPU
		{88AC4F97-3CD6-47F4-BF32-761B072014DE}.Debug|Any CPU.Build.0 = Debug|Any CPU
		{88AC4F97-3CD6-47F4-BF32-761B072014DE}.Debug|x64.ActiveCfg = Debug|Any CPU
		{88AC4F97-3CD6-47F4-BF32-761B072014DE}.Debug|x64.Build.0 = Debug|Any CPU
		{88AC4F97-3CD6-47F4-BF32-761B072014DE}.Debug|x86.ActiveCfg = Debug|Any CPU
		{88AC4F97-3CD6-47F4-BF32-761B072014DE}.Debug|x86.Build.0 = Debug|Any CPU
		{88AC4F97-3CD6-47F4-BF32-761B072014DE}.Release|Any CPU.ActiveCfg = Release|Any CPU
		{88AC4F97-3CD6-47F4-BF32-761B072014DE}.Release|Any CPU.Build.0 = Release|Any CPU
		{88AC4F97-3CD6-47F4-BF32-761B072014DE}.Release|x64.ActiveCfg = Release|Any CPU
		{88AC4F97-3CD6-47F4-BF32-761B072014DE}.Release|x64.Build.0 = Release|Any CPU
		{88AC4F97-3CD6-47F4-BF32-761B072014DE}.Release|x86.ActiveCfg = Release|Any CPU
		{88AC4F97-3CD6-47F4-BF32-761B072014DE}.Release|x86.Build.0 = Release|Any CPU
		{C7E981FF-5054-4CE6-9DDC-E5EA300A99A3}.Debug|Any CPU.ActiveCfg = Debug|Any CPU
		{C7E981FF-5054-4CE6-9DDC-E5EA300A99A3}.Debug|Any CPU.Build.0 = Debug|Any CPU
		{C7E981FF-5054-4CE6-9DDC-E5EA300A99A3}.Debug|x64.ActiveCfg = Debug|Any CPU
		{C7E981FF-5054-4CE6-9DDC-E5EA300A99A3}.Debug|x64.Build.0 = Debug|Any CPU
		{C7E981FF-5054-4CE6-9DDC-E5EA300A99A3}.Debug|x86.ActiveCfg = Debug|Any CPU
		{C7E981FF-5054-4CE6-9DDC-E5EA300A99A3}.Debug|x86.Build.0 = Debug|Any CPU
		{C7E981FF-5054-4CE6-9DDC-E5EA300A99A3}.Release|Any CPU.ActiveCfg = Release|Any CPU
		{C7E981FF-5054-4CE6-9DDC-E5EA300A99A3}.Release|Any CPU.Build.0 = Release|Any CPU
		{C7E981FF-5054-4CE6-9DDC-E5EA300A99A3}.Release|x64.ActiveCfg = Release|Any CPU
		{C7E981FF-5054-4CE6-9DDC-E5EA300A99A3}.Release|x64.Build.0 = Release|Any CPU
		{C7E981FF-5054-4CE6-9DDC-E5EA300A99A3}.Release|x86.ActiveCfg = Release|Any CPU
		{C7E981FF-5054-4CE6-9DDC-E5EA300A99A3}.Release|x86.Build.0 = Release|Any CPU
		{6D4A6298-217C-46C2-9835-CC7582C7E2B7}.Debug|Any CPU.ActiveCfg = Debug|Any CPU
		{6D4A6298-217C-46C2-9835-CC7582C7E2B7}.Debug|Any CPU.Build.0 = Debug|Any CPU
		{6D4A6298-217C-46C2-9835-CC7582C7E2B7}.Debug|x64.ActiveCfg = Debug|Any CPU
		{6D4A6298-217C-46C2-9835-CC7582C7E2B7}.Debug|x64.Build.0 = Debug|Any CPU
		{6D4A6298-217C-46C2-9835-CC7582C7E2B7}.Debug|x86.ActiveCfg = Debug|Any CPU
		{6D4A6298-217C-46C2-9835-CC7582C7E2B7}.Debug|x86.Build.0 = Debug|Any CPU
		{6D4A6298-217C-46C2-9835-CC7582C7E2B7}.Release|Any CPU.ActiveCfg = Release|Any CPU
		{6D4A6298-217C-46C2-9835-CC7582C7E2B7}.Release|Any CPU.Build.0 = Release|Any CPU
		{6D4A6298-217C-46C2-9835-CC7582C7E2B7}.Release|x64.ActiveCfg = Release|Any CPU
		{6D4A6298-217C-46C2-9835-CC7582C7E2B7}.Release|x64.Build.0 = Release|Any CPU
		{6D4A6298-217C-46C2-9835-CC7582C7E2B7}.Release|x86.ActiveCfg = Release|Any CPU
		{6D4A6298-217C-46C2-9835-CC7582C7E2B7}.Release|x86.Build.0 = Release|Any CPU
		{1A9418CA-5A7B-494B-816E-57B9CBA10BA1}.Debug|Any CPU.ActiveCfg = Debug|Any CPU
		{1A9418CA-5A7B-494B-816E-57B9CBA10BA1}.Debug|Any CPU.Build.0 = Debug|Any CPU
		{1A9418CA-5A7B-494B-816E-57B9CBA10BA1}.Debug|x64.ActiveCfg = Debug|Any CPU
		{1A9418CA-5A7B-494B-816E-57B9CBA10BA1}.Debug|x64.Build.0 = Debug|Any CPU
		{1A9418CA-5A7B-494B-816E-57B9CBA10BA1}.Debug|x86.ActiveCfg = Debug|Any CPU
		{1A9418CA-5A7B-494B-816E-57B9CBA10BA1}.Debug|x86.Build.0 = Debug|Any CPU
		{1A9418CA-5A7B-494B-816E-57B9CBA10BA1}.Release|Any CPU.ActiveCfg = Release|Any CPU
		{1A9418CA-5A7B-494B-816E-57B9CBA10BA1}.Release|Any CPU.Build.0 = Release|Any CPU
		{1A9418CA-5A7B-494B-816E-57B9CBA10BA1}.Release|x64.ActiveCfg = Release|Any CPU
		{1A9418CA-5A7B-494B-816E-57B9CBA10BA1}.Release|x64.Build.0 = Release|Any CPU
		{1A9418CA-5A7B-494B-816E-57B9CBA10BA1}.Release|x86.ActiveCfg = Release|Any CPU
		{1A9418CA-5A7B-494B-816E-57B9CBA10BA1}.Release|x86.Build.0 = Release|Any CPU
		{C24F1441-FEDD-4EBD-BD79-96AE5A843C3D}.Debug|Any CPU.ActiveCfg = Debug|Any CPU
		{C24F1441-FEDD-4EBD-BD79-96AE5A843C3D}.Debug|Any CPU.Build.0 = Debug|Any CPU
		{C24F1441-FEDD-4EBD-BD79-96AE5A843C3D}.Debug|x64.ActiveCfg = Debug|Any CPU
		{C24F1441-FEDD-4EBD-BD79-96AE5A843C3D}.Debug|x64.Build.0 = Debug|Any CPU
		{C24F1441-FEDD-4EBD-BD79-96AE5A843C3D}.Debug|x86.ActiveCfg = Debug|Any CPU
		{C24F1441-FEDD-4EBD-BD79-96AE5A843C3D}.Debug|x86.Build.0 = Debug|Any CPU
		{C24F1441-FEDD-4EBD-BD79-96AE5A843C3D}.Release|Any CPU.ActiveCfg = Release|Any CPU
		{C24F1441-FEDD-4EBD-BD79-96AE5A843C3D}.Release|Any CPU.Build.0 = Release|Any CPU
		{C24F1441-FEDD-4EBD-BD79-96AE5A843C3D}.Release|x64.ActiveCfg = Release|Any CPU
		{C24F1441-FEDD-4EBD-BD79-96AE5A843C3D}.Release|x64.Build.0 = Release|Any CPU
		{C24F1441-FEDD-4EBD-BD79-96AE5A843C3D}.Release|x86.ActiveCfg = Release|Any CPU
		{C24F1441-FEDD-4EBD-BD79-96AE5A843C3D}.Release|x86.Build.0 = Release|Any CPU
		{8016A47A-4123-4105-BEB3-65786AE89F78}.Debug|Any CPU.ActiveCfg = Debug|Any CPU
		{8016A47A-4123-4105-BEB3-65786AE89F78}.Debug|Any CPU.Build.0 = Debug|Any CPU
		{8016A47A-4123-4105-BEB3-65786AE89F78}.Debug|x64.ActiveCfg = Debug|Any CPU
		{8016A47A-4123-4105-BEB3-65786AE89F78}.Debug|x64.Build.0 = Debug|Any CPU
		{8016A47A-4123-4105-BEB3-65786AE89F78}.Debug|x86.ActiveCfg = Debug|Any CPU
		{8016A47A-4123-4105-BEB3-65786AE89F78}.Debug|x86.Build.0 = Debug|Any CPU
		{8016A47A-4123-4105-BEB3-65786AE89F78}.Release|Any CPU.ActiveCfg = Release|Any CPU
		{8016A47A-4123-4105-BEB3-65786AE89F78}.Release|Any CPU.Build.0 = Release|Any CPU
		{8016A47A-4123-4105-BEB3-65786AE89F78}.Release|x64.ActiveCfg = Release|Any CPU
		{8016A47A-4123-4105-BEB3-65786AE89F78}.Release|x64.Build.0 = Release|Any CPU
		{8016A47A-4123-4105-BEB3-65786AE89F78}.Release|x86.ActiveCfg = Release|Any CPU
		{8016A47A-4123-4105-BEB3-65786AE89F78}.Release|x86.Build.0 = Release|Any CPU
		{50896E92-2AF1-4FD9-801B-05EFF8F7B0E7}.Debug|Any CPU.ActiveCfg = Debug|Any CPU
		{50896E92-2AF1-4FD9-801B-05EFF8F7B0E7}.Debug|Any CPU.Build.0 = Debug|Any CPU
		{50896E92-2AF1-4FD9-801B-05EFF8F7B0E7}.Debug|x64.ActiveCfg = Debug|Any CPU
		{50896E92-2AF1-4FD9-801B-05EFF8F7B0E7}.Debug|x64.Build.0 = Debug|Any CPU
		{50896E92-2AF1-4FD9-801B-05EFF8F7B0E7}.Debug|x86.ActiveCfg = Debug|Any CPU
		{50896E92-2AF1-4FD9-801B-05EFF8F7B0E7}.Debug|x86.Build.0 = Debug|Any CPU
		{50896E92-2AF1-4FD9-801B-05EFF8F7B0E7}.Release|Any CPU.ActiveCfg = Release|Any CPU
		{50896E92-2AF1-4FD9-801B-05EFF8F7B0E7}.Release|Any CPU.Build.0 = Release|Any CPU
		{50896E92-2AF1-4FD9-801B-05EFF8F7B0E7}.Release|x64.ActiveCfg = Release|Any CPU
		{50896E92-2AF1-4FD9-801B-05EFF8F7B0E7}.Release|x64.Build.0 = Release|Any CPU
		{50896E92-2AF1-4FD9-801B-05EFF8F7B0E7}.Release|x86.ActiveCfg = Release|Any CPU
		{50896E92-2AF1-4FD9-801B-05EFF8F7B0E7}.Release|x86.Build.0 = Release|Any CPU
		{0FCBD02A-5DC7-44FC-BF7B-60DDE3590E31}.Debug|Any CPU.ActiveCfg = Debug|Any CPU
		{0FCBD02A-5DC7-44FC-BF7B-60DDE3590E31}.Debug|Any CPU.Build.0 = Debug|Any CPU
		{0FCBD02A-5DC7-44FC-BF7B-60DDE3590E31}.Debug|x64.ActiveCfg = Debug|Any CPU
		{0FCBD02A-5DC7-44FC-BF7B-60DDE3590E31}.Debug|x64.Build.0 = Debug|Any CPU
		{0FCBD02A-5DC7-44FC-BF7B-60DDE3590E31}.Debug|x86.ActiveCfg = Debug|Any CPU
		{0FCBD02A-5DC7-44FC-BF7B-60DDE3590E31}.Debug|x86.Build.0 = Debug|Any CPU
		{0FCBD02A-5DC7-44FC-BF7B-60DDE3590E31}.Release|Any CPU.ActiveCfg = Release|Any CPU
		{0FCBD02A-5DC7-44FC-BF7B-60DDE3590E31}.Release|Any CPU.Build.0 = Release|Any CPU
		{0FCBD02A-5DC7-44FC-BF7B-60DDE3590E31}.Release|x64.ActiveCfg = Release|Any CPU
		{0FCBD02A-5DC7-44FC-BF7B-60DDE3590E31}.Release|x64.Build.0 = Release|Any CPU
		{0FCBD02A-5DC7-44FC-BF7B-60DDE3590E31}.Release|x86.ActiveCfg = Release|Any CPU
		{0FCBD02A-5DC7-44FC-BF7B-60DDE3590E31}.Release|x86.Build.0 = Release|Any CPU
		{3AF96733-E4E3-490A-A1C6-C3F986C95BA8}.Debug|Any CPU.ActiveCfg = Debug|Any CPU
		{3AF96733-E4E3-490A-A1C6-C3F986C95BA8}.Debug|Any CPU.Build.0 = Debug|Any CPU
		{3AF96733-E4E3-490A-A1C6-C3F986C95BA8}.Debug|x64.ActiveCfg = Debug|Any CPU
		{3AF96733-E4E3-490A-A1C6-C3F986C95BA8}.Debug|x64.Build.0 = Debug|Any CPU
		{3AF96733-E4E3-490A-A1C6-C3F986C95BA8}.Debug|x86.ActiveCfg = Debug|Any CPU
		{3AF96733-E4E3-490A-A1C6-C3F986C95BA8}.Debug|x86.Build.0 = Debug|Any CPU
		{3AF96733-E4E3-490A-A1C6-C3F986C95BA8}.Release|Any CPU.ActiveCfg = Release|Any CPU
		{3AF96733-E4E3-490A-A1C6-C3F986C95BA8}.Release|Any CPU.Build.0 = Release|Any CPU
		{3AF96733-E4E3-490A-A1C6-C3F986C95BA8}.Release|x64.ActiveCfg = Release|Any CPU
		{3AF96733-E4E3-490A-A1C6-C3F986C95BA8}.Release|x64.Build.0 = Release|Any CPU
		{3AF96733-E4E3-490A-A1C6-C3F986C95BA8}.Release|x86.ActiveCfg = Release|Any CPU
		{3AF96733-E4E3-490A-A1C6-C3F986C95BA8}.Release|x86.Build.0 = Release|Any CPU
		{5F2758F2-3D5A-42D4-A7C0-0FAFD5B73A41}.Debug|Any CPU.ActiveCfg = Debug|Any CPU
		{5F2758F2-3D5A-42D4-A7C0-0FAFD5B73A41}.Debug|Any CPU.Build.0 = Debug|Any CPU
		{5F2758F2-3D5A-42D4-A7C0-0FAFD5B73A41}.Debug|x64.ActiveCfg = Debug|Any CPU
		{5F2758F2-3D5A-42D4-A7C0-0FAFD5B73A41}.Debug|x64.Build.0 = Debug|Any CPU
		{5F2758F2-3D5A-42D4-A7C0-0FAFD5B73A41}.Debug|x86.ActiveCfg = Debug|Any CPU
		{5F2758F2-3D5A-42D4-A7C0-0FAFD5B73A41}.Debug|x86.Build.0 = Debug|Any CPU
		{5F2758F2-3D5A-42D4-A7C0-0FAFD5B73A41}.Release|Any CPU.ActiveCfg = Release|Any CPU
		{5F2758F2-3D5A-42D4-A7C0-0FAFD5B73A41}.Release|Any CPU.Build.0 = Release|Any CPU
		{5F2758F2-3D5A-42D4-A7C0-0FAFD5B73A41}.Release|x64.ActiveCfg = Release|Any CPU
		{5F2758F2-3D5A-42D4-A7C0-0FAFD5B73A41}.Release|x64.Build.0 = Release|Any CPU
		{5F2758F2-3D5A-42D4-A7C0-0FAFD5B73A41}.Release|x86.ActiveCfg = Release|Any CPU
		{5F2758F2-3D5A-42D4-A7C0-0FAFD5B73A41}.Release|x86.Build.0 = Release|Any CPU
		{95F2E5DD-9F98-46D5-A21A-A078D41AB9A5}.Debug|Any CPU.ActiveCfg = Debug|Any CPU
		{95F2E5DD-9F98-46D5-A21A-A078D41AB9A5}.Debug|Any CPU.Build.0 = Debug|Any CPU
		{95F2E5DD-9F98-46D5-A21A-A078D41AB9A5}.Debug|x64.ActiveCfg = Debug|Any CPU
		{95F2E5DD-9F98-46D5-A21A-A078D41AB9A5}.Debug|x64.Build.0 = Debug|Any CPU
		{95F2E5DD-9F98-46D5-A21A-A078D41AB9A5}.Debug|x86.ActiveCfg = Debug|Any CPU
		{95F2E5DD-9F98-46D5-A21A-A078D41AB9A5}.Debug|x86.Build.0 = Debug|Any CPU
		{95F2E5DD-9F98-46D5-A21A-A078D41AB9A5}.Release|Any CPU.ActiveCfg = Release|Any CPU
		{95F2E5DD-9F98-46D5-A21A-A078D41AB9A5}.Release|Any CPU.Build.0 = Release|Any CPU
		{95F2E5DD-9F98-46D5-A21A-A078D41AB9A5}.Release|x64.ActiveCfg = Release|Any CPU
		{95F2E5DD-9F98-46D5-A21A-A078D41AB9A5}.Release|x64.Build.0 = Release|Any CPU
		{95F2E5DD-9F98-46D5-A21A-A078D41AB9A5}.Release|x86.ActiveCfg = Release|Any CPU
		{95F2E5DD-9F98-46D5-A21A-A078D41AB9A5}.Release|x86.Build.0 = Release|Any CPU
		{E93FFD22-1759-4639-A241-6C28D6209474}.Debug|Any CPU.ActiveCfg = Debug|Any CPU
		{E93FFD22-1759-4639-A241-6C28D6209474}.Debug|Any CPU.Build.0 = Debug|Any CPU
		{E93FFD22-1759-4639-A241-6C28D6209474}.Debug|x64.ActiveCfg = Debug|Any CPU
		{E93FFD22-1759-4639-A241-6C28D6209474}.Debug|x64.Build.0 = Debug|Any CPU
		{E93FFD22-1759-4639-A241-6C28D6209474}.Debug|x86.ActiveCfg = Debug|Any CPU
		{E93FFD22-1759-4639-A241-6C28D6209474}.Debug|x86.Build.0 = Debug|Any CPU
		{E93FFD22-1759-4639-A241-6C28D6209474}.Release|Any CPU.ActiveCfg = Release|Any CPU
		{E93FFD22-1759-4639-A241-6C28D6209474}.Release|Any CPU.Build.0 = Release|Any CPU
		{E93FFD22-1759-4639-A241-6C28D6209474}.Release|x64.ActiveCfg = Release|Any CPU
		{E93FFD22-1759-4639-A241-6C28D6209474}.Release|x64.Build.0 = Release|Any CPU
		{E93FFD22-1759-4639-A241-6C28D6209474}.Release|x86.ActiveCfg = Release|Any CPU
		{E93FFD22-1759-4639-A241-6C28D6209474}.Release|x86.Build.0 = Release|Any CPU
		{8B431F0D-D1A1-4B65-ADF3-A362D85CD321}.Debug|Any CPU.ActiveCfg = Debug|Any CPU
		{8B431F0D-D1A1-4B65-ADF3-A362D85CD321}.Debug|Any CPU.Build.0 = Debug|Any CPU
		{8B431F0D-D1A1-4B65-ADF3-A362D85CD321}.Debug|x64.ActiveCfg = Debug|Any CPU
		{8B431F0D-D1A1-4B65-ADF3-A362D85CD321}.Debug|x64.Build.0 = Debug|Any CPU
		{8B431F0D-D1A1-4B65-ADF3-A362D85CD321}.Debug|x86.ActiveCfg = Debug|Any CPU
		{8B431F0D-D1A1-4B65-ADF3-A362D85CD321}.Debug|x86.Build.0 = Debug|Any CPU
		{8B431F0D-D1A1-4B65-ADF3-A362D85CD321}.Release|Any CPU.ActiveCfg = Release|Any CPU
		{8B431F0D-D1A1-4B65-ADF3-A362D85CD321}.Release|Any CPU.Build.0 = Release|Any CPU
		{8B431F0D-D1A1-4B65-ADF3-A362D85CD321}.Release|x64.ActiveCfg = Release|Any CPU
		{8B431F0D-D1A1-4B65-ADF3-A362D85CD321}.Release|x64.Build.0 = Release|Any CPU
		{8B431F0D-D1A1-4B65-ADF3-A362D85CD321}.Release|x86.ActiveCfg = Release|Any CPU
		{8B431F0D-D1A1-4B65-ADF3-A362D85CD321}.Release|x86.Build.0 = Release|Any CPU
		{33DC6691-DBE7-4463-8A28-DC6A35EFC996}.Debug|Any CPU.ActiveCfg = Debug|Any CPU
		{33DC6691-DBE7-4463-8A28-DC6A35EFC996}.Debug|Any CPU.Build.0 = Debug|Any CPU
		{33DC6691-DBE7-4463-8A28-DC6A35EFC996}.Debug|x64.ActiveCfg = Debug|Any CPU
		{33DC6691-DBE7-4463-8A28-DC6A35EFC996}.Debug|x64.Build.0 = Debug|Any CPU
		{33DC6691-DBE7-4463-8A28-DC6A35EFC996}.Debug|x86.ActiveCfg = Debug|Any CPU
		{33DC6691-DBE7-4463-8A28-DC6A35EFC996}.Debug|x86.Build.0 = Debug|Any CPU
		{33DC6691-DBE7-4463-8A28-DC6A35EFC996}.Release|Any CPU.ActiveCfg = Release|Any CPU
		{33DC6691-DBE7-4463-8A28-DC6A35EFC996}.Release|Any CPU.Build.0 = Release|Any CPU
		{33DC6691-DBE7-4463-8A28-DC6A35EFC996}.Release|x64.ActiveCfg = Release|Any CPU
		{33DC6691-DBE7-4463-8A28-DC6A35EFC996}.Release|x64.Build.0 = Release|Any CPU
		{33DC6691-DBE7-4463-8A28-DC6A35EFC996}.Release|x86.ActiveCfg = Release|Any CPU
		{33DC6691-DBE7-4463-8A28-DC6A35EFC996}.Release|x86.Build.0 = Release|Any CPU
	EndGlobalSection
	GlobalSection(SolutionProperties) = preSolution
		HideSolutionNode = FALSE
	EndGlobalSection
	GlobalSection(NestedProjects) = preSolution
		{7C7AFC5E-1480-4537-859D-2FF7407DAE28} = {827E0CD3-B72D-47B6-A68D-7590B98EB39B}
		{FDD067A3-C578-473A-A446-983B2481867C} = {827E0CD3-B72D-47B6-A68D-7590B98EB39B}
		{3447E00E-F1F7-417C-8B05-157A2233C848} = {827E0CD3-B72D-47B6-A68D-7590B98EB39B}
		{5A5F882D-6859-44CF-B51E-78F185C195AD} = {827E0CD3-B72D-47B6-A68D-7590B98EB39B}
		{70C0F613-2A43-4EFC-922F-C10BB3CF1EDE} = {827E0CD3-B72D-47B6-A68D-7590B98EB39B}
		{5A9F5F7E-70B9-4F4D-80C0-E5675F9A53F2} = {827E0CD3-B72D-47B6-A68D-7590B98EB39B}
		{88AC4F97-3CD6-47F4-BF32-761B072014DE} = {827E0CD3-B72D-47B6-A68D-7590B98EB39B}
		{C7E981FF-5054-4CE6-9DDC-E5EA300A99A3} = {827E0CD3-B72D-47B6-A68D-7590B98EB39B}
		{6D4A6298-217C-46C2-9835-CC7582C7E2B7} = {827E0CD3-B72D-47B6-A68D-7590B98EB39B}
		{1A9418CA-5A7B-494B-816E-57B9CBA10BA1} = {827E0CD3-B72D-47B6-A68D-7590B98EB39B}
		{C24F1441-FEDD-4EBD-BD79-96AE5A843C3D} = {827E0CD3-B72D-47B6-A68D-7590B98EB39B}
		{8016A47A-4123-4105-BEB3-65786AE89F78} = {827E0CD3-B72D-47B6-A68D-7590B98EB39B}
		{50896E92-2AF1-4FD9-801B-05EFF8F7B0E7} = {827E0CD3-B72D-47B6-A68D-7590B98EB39B}
		{0FCBD02A-5DC7-44FC-BF7B-60DDE3590E31} = {827E0CD3-B72D-47B6-A68D-7590B98EB39B}
		{3AF96733-E4E3-490A-A1C6-C3F986C95BA8} = {827E0CD3-B72D-47B6-A68D-7590B98EB39B}
		{5F2758F2-3D5A-42D4-A7C0-0FAFD5B73A41} = {827E0CD3-B72D-47B6-A68D-7590B98EB39B}
		{95F2E5DD-9F98-46D5-A21A-A078D41AB9A5} = {827E0CD3-B72D-47B6-A68D-7590B98EB39B}
		{E93FFD22-1759-4639-A241-6C28D6209474} = {0AB3BF05-4346-4AA6-1389-037BE0695223}
		{8B431F0D-D1A1-4B65-ADF3-A362D85CD321} = {0AB3BF05-4346-4AA6-1389-037BE0695223}
		{33DC6691-DBE7-4463-8A28-DC6A35EFC996} = {0AB3BF05-4346-4AA6-1389-037BE0695223}
	EndGlobalSection
EndGlobal
